
Microsoft Visual Studio Solution File, Format Version 12.00
# Visual Studio Version 17
VisualStudioVersion = 17.0.31903.59
MinimumVisualStudioVersion = 10.0.40219.1
Project("{FAE04EC0-301F-11D3-BF4B-00C04F79EFBC}") = "Applications.Functions", "Applications.Functions\Applications.Functions.csproj", "{169B4B54-CDFE-49C9-8759-02585D5299F0}"
EndProject
Project("{FAE04EC0-301F-11D3-BF4B-00C04F79EFBC}") = "Applications.Front", "Applications.Front\Applications.Front.csproj", "{14533070-023D-492A-A5B1-18AFC68DCF6B}"
EndProject
Project("{FAE04EC0-301F-11D3-BF4B-00C04F79EFBC}") = "Applications.Shared", "Applications.Shared\Applications.Shared.csproj", "{8340C4D3-7048-48B8-9D94-02863FF1957B}"
EndProject
Global
	GlobalSection(SolutionConfigurationPlatforms) = preSolution
		Debug|Any CPU = Debug|Any CPU
		Release|Any CPU = Release|Any CPU
	EndGlobalSection
	GlobalSection(SolutionProperties) = preSolution
		HideSolutionNode = FALSE
	EndGlobalSection
	GlobalSection(ProjectConfigurationPlatforms) = postSolution
		{169B4B54-CDFE-49C9-8759-02585D5299F0}.Debug|Any CPU.ActiveCfg = Debug|Any CPU
		{169B4B54-CDFE-49C9-8759-02585D5299F0}.Debug|Any CPU.Build.0 = Debug|Any CPU
		{169B4B54-CDFE-49C9-8759-02585D5299F0}.Release|Any CPU.ActiveCfg = Release|Any CPU
		{169B4B54-CDFE-49C9-8759-02585D5299F0}.Release|Any CPU.Build.0 = Release|Any CPU
		{14533070-023D-492A-A5B1-18AFC68DCF6B}.Debug|Any CPU.ActiveCfg = Debug|Any CPU
		{14533070-023D-492A-A5B1-18AFC68DCF6B}.Debug|Any CPU.Build.0 = Debug|Any CPU
		{14533070-023D-492A-A5B1-18AFC68DCF6B}.Release|Any CPU.ActiveCfg = Release|Any CPU
		{14533070-023D-492A-A5B1-18AFC68DCF6B}.Release|Any CPU.Build.0 = Release|Any CPU
		{8340C4D3-7048-48B8-9D94-02863FF1957B}.Debug|Any CPU.ActiveCfg = Debug|Any CPU
		{8340C4D3-7048-48B8-9D94-02863FF1957B}.Debug|Any CPU.Build.0 = Debug|Any CPU
		{8340C4D3-7048-48B8-9D94-02863FF1957B}.Release|Any CPU.ActiveCfg = Release|Any CPU
		{8340C4D3-7048-48B8-9D94-02863FF1957B}.Release|Any CPU.Build.0 = Release|Any CPU
	EndGlobalSection
EndGlobal
